
Microsoft Visual Studio Solution File, Format Version 12.00
# Visual Studio Version 17
VisualStudioVersion = 17.0.31903.59
MinimumVisualStudioVersion = 10.0.40219.1
Project("{FAE04EC0-301F-11D3-BF4B-00C04F79EFBC}") = "TetePizza.Api", "Api\TetePizza.Api.csproj", "{21196BA4-E1FF-4E75-A332-4B96768015A2}"
EndProject
Project("{FAE04EC0-301F-11D3-BF4B-00C04F79EFBC}") = "TetePizza.Model", "Model\TetePizza.Model.csproj", "{8E10848F-AB50-43F6-9C82-6998DA6A5866}"
EndProject
Project("{FAE04EC0-301F-11D3-BF4B-00C04F79EFBC}") = "TetePizza.Business", "Business\TetePizza.Business.csproj", "{7790D739-D421-41B8-9EE5-F6AC02F38A8E}"
EndProject
Project("{FAE04EC0-301F-11D3-BF4B-00C04F79EFBC}") = "TetePizza.Data", "Data\TetePizza.Data.csproj", "{9B6021E2-6A37-407E-ABFF-A7146EE738C0}"
EndProject
Global
	GlobalSection(SolutionConfigurationPlatforms) = preSolution
		Debug|Any CPU = Debug|Any CPU
		Release|Any CPU = Release|Any CPU
	EndGlobalSection
	GlobalSection(SolutionProperties) = preSolution
		HideSolutionNode = FALSE
	EndGlobalSection
	GlobalSection(ProjectConfigurationPlatforms) = postSolution
		{21196BA4-E1FF-4E75-A332-4B96768015A2}.Debug|Any CPU.ActiveCfg = Debug|Any CPU
		{21196BA4-E1FF-4E75-A332-4B96768015A2}.Debug|Any CPU.Build.0 = Debug|Any CPU
		{21196BA4-E1FF-4E75-A332-4B96768015A2}.Release|Any CPU.ActiveCfg = Release|Any CPU
		{21196BA4-E1FF-4E75-A332-4B96768015A2}.Release|Any CPU.Build.0 = Release|Any CPU
		{8E10848F-AB50-43F6-9C82-6998DA6A5866}.Debug|Any CPU.ActiveCfg = Debug|Any CPU
		{8E10848F-AB50-43F6-9C82-6998DA6A5866}.Debug|Any CPU.Build.0 = Debug|Any CPU
		{8E10848F-AB50-43F6-9C82-6998DA6A5866}.Release|Any CPU.ActiveCfg = Release|Any CPU
		{8E10848F-AB50-43F6-9C82-6998DA6A5866}.Release|Any CPU.Build.0 = Release|Any CPU
		{7790D739-D421-41B8-9EE5-F6AC02F38A8E}.Debug|Any CPU.ActiveCfg = Debug|Any CPU
		{7790D739-D421-41B8-9EE5-F6AC02F38A8E}.Debug|Any CPU.Build.0 = Debug|Any CPU
		{7790D739-D421-41B8-9EE5-F6AC02F38A8E}.Release|Any CPU.ActiveCfg = Release|Any CPU
		{7790D739-D421-41B8-9EE5-F6AC02F38A8E}.Release|Any CPU.Build.0 = Release|Any CPU
		{9B6021E2-6A37-407E-ABFF-A7146EE738C0}.Debug|Any CPU.ActiveCfg = Debug|Any CPU
		{9B6021E2-6A37-407E-ABFF-A7146EE738C0}.Debug|Any CPU.Build.0 = Debug|Any CPU
		{9B6021E2-6A37-407E-ABFF-A7146EE738C0}.Release|Any CPU.ActiveCfg = Release|Any CPU
		{9B6021E2-6A37-407E-ABFF-A7146EE738C0}.Release|Any CPU.Build.0 = Release|Any CPU
	EndGlobalSection
EndGlobal
